// !$*UTF8*$!
{
	archiveVersion = 1;
	classes = {
	};
	objectVersion = 46;
	objects = {

/* Begin PBXBuildFile section */
		1EED3DF21C160F1600647BA7 /* AppDelegate.swift in Sources */ = {isa = PBXBuildFile; fileRef = 1EED3DF11C160F1600647BA7 /* AppDelegate.swift */; };
		1EED3DF41C160F1600647BA7 /* ViewController.swift in Sources */ = {isa = PBXBuildFile; fileRef = 1EED3DF31C160F1600647BA7 /* ViewController.swift */; };
		1EED3DF71C160F1600647BA7 /* Main.storyboard in Resources */ = {isa = PBXBuildFile; fileRef = 1EED3DF51C160F1600647BA7 /* Main.storyboard */; };
		1EED3DF91C160F1600647BA7 /* Assets.xcassets in Resources */ = {isa = PBXBuildFile; fileRef = 1EED3DF81C160F1600647BA7 /* Assets.xcassets */; };
		1EED3DFC1C160F1600647BA7 /* LaunchScreen.storyboard in Resources */ = {isa = PBXBuildFile; fileRef = 1EED3DFA1C160F1600647BA7 /* LaunchScreen.storyboard */; };
		1EED3E0E1C16147A00647BA7 /* SampleFramework.framework in Frameworks */ = {isa = PBXBuildFile; fileRef = 1EED3E0D1C16147A00647BA7 /* SampleFramework.framework */; };
		1EED3E101C16147F00647BA7 /* SampleFramework.framework in Embed Frameworks */ = {isa = PBXBuildFile; fileRef = 1EED3E0D1C16147A00647BA7 /* SampleFramework.framework */; settings = {ATTRIBUTES = (CodeSignOnCopy, RemoveHeadersOnCopy, ); }; };
/* End PBXBuildFile section */

/* Begin PBXCopyFilesBuildPhase section */
		1EED3E111C16147F00647BA7 /* Embed Frameworks */ = {
			isa = PBXCopyFilesBuildPhase;
			buildActionMask = 2147483647;
			dstPath = "";
			dstSubfolderSpec = 10;
			files = (
				1EED3E101C16147F00647BA7 /* SampleFramework.framework in Embed Frameworks */,
			);
			name = "Embed Frameworks";
			runOnlyForDeploymentPostprocessing = 0;
		};
/* End PBXCopyFilesBuildPhase section */

/* Begin PBXFileReference section */
		1EED3DEE1C160F1600647BA7 /* FrameworkSample.app */ = {isa = PBXFileReference; explicitFileType = wrapper.application; includeInIndex = 0; path = FrameworkSample.app; sourceTree = BUILT_PRODUCTS_DIR; };
		1EED3DF11C160F1600647BA7 /* AppDelegate.swift */ = {isa = PBXFileReference; lastKnownFileType = sourcecode.swift; path = AppDelegate.swift; sourceTree = "<group>"; };
		1EED3DF31C160F1600647BA7 /* ViewController.swift */ = {isa = PBXFileReference; lastKnownFileType = sourcecode.swift; path = ViewController.swift; sourceTree = "<group>"; };
		1EED3DF61C160F1600647BA7 /* Base */ = {isa = PBXFileReference; lastKnownFileType = file.storyboard; name = Base; path = Base.lproj/Main.storyboard; sourceTree = "<group>"; };
		1EED3DF81C160F1600647BA7 /* Assets.xcassets */ = {isa = PBXFileReference; lastKnownFileType = folder.assetcatalog; path = Assets.xcassets; sourceTree = "<group>"; };
		1EED3DFB1C160F1600647BA7 /* Base */ = {isa = PBXFileReference; lastKnownFileType = file.storyboard; name = Base; path = Base.lproj/LaunchScreen.storyboard; sourceTree = "<group>"; };
		1EED3DFD1C160F1600647BA7 /* Info.plist */ = {isa = PBXFileReference; lastKnownFileType = text.plist.xml; path = Info.plist; sourceTree = "<group>"; };
		1EED3E0D1C16147A00647BA7 /* SampleFramework.framework */ = {isa = PBXFileReference; lastKnownFileType = wrapper.framework; path = SampleFramework.framework; sourceTree = "<group>"; };
/* End PBXFileReference section */

/* Begin PBXFrameworksBuildPhase section */
		1EED3DEB1C160F1600647BA7 /* Frameworks */ = {
			isa = PBXFrameworksBuildPhase;
			buildActionMask = 2147483647;
			files = (
				1EED3E0E1C16147A00647BA7 /* SampleFramework.framework in Frameworks */,
			);
			runOnlyForDeploymentPostprocessing = 0;
		};
/* End PBXFrameworksBuildPhase section */

/* Begin PBXGroup section */
		1EED3DE51C160F1600647BA7 = {
			isa = PBXGroup;
			children = (
				1EED3DF01C160F1600647BA7 /* FrameworkSample */,
				1EED3DEF1C160F1600647BA7 /* Products */,
			);
			sourceTree = "<group>";
		};
		1EED3DEF1C160F1600647BA7 /* Products */ = {
			isa = PBXGroup;
			children = (
				1EED3DEE1C160F1600647BA7 /* FrameworkSample.app */,
			);
			name = Products;
			sourceTree = "<group>";
		};
		1EED3DF01C160F1600647BA7 /* FrameworkSample */ = {
			isa = PBXGroup;
			children = (
				1EED3DF11C160F1600647BA7 /* AppDelegate.swift */,
				1EED3DF31C160F1600647BA7 /* ViewController.swift */,
				1EED3DF51C160F1600647BA7 /* Main.storyboard */,
				1EED3DF81C160F1600647BA7 /* Assets.xcassets */,
				1EED3DFA1C160F1600647BA7 /* LaunchScreen.storyboard */,
				1EED3DFD1C160F1600647BA7 /* Info.plist */,
				1EED3E0D1C16147A00647BA7 /* SampleFramework.framework */,
			);
			path = FrameworkSample;
			sourceTree = "<group>";
		};
/* End PBXGroup section */

/* Begin PBXNativeTarget section */
		1EED3DED1C160F1600647BA7 /* FrameworkSample */ = {
			isa = PBXNativeTarget;
			buildConfigurationList = 1EED3E001C160F1600647BA7 /* Build configuration list for PBXNativeTarget "FrameworkSample" */;
			buildPhases = (
				1EED3DEA1C160F1600647BA7 /* Sources */,
				1EED3DEB1C160F1600647BA7 /* Frameworks */,
				1EED3DEC1C160F1600647BA7 /* Resources */,
				1EED3E111C16147F00647BA7 /* Embed Frameworks */,
			);
			buildRules = (
			);
			dependencies = (
			);
			name = FrameworkSample;
			productName = FrameworkSample;
			productReference = 1EED3DEE1C160F1600647BA7 /* FrameworkSample.app */;
			productType = "com.apple.product-type.application";
		};
/* End PBXNativeTarget section */

/* Begin PBXProject section */
		1EED3DE61C160F1600647BA7 /* Project object */ = {
			isa = PBXProject;
			attributes = {
				LastSwiftUpdateCheck = 0720;
				LastUpgradeCheck = 0720;
				ORGANIZATIONNAME = learning;
				TargetAttributes = {
					1EED3DED1C160F1600647BA7 = {
						CreatedOnToolsVersion = 7.2;
					};
				};
			};
			buildConfigurationList = 1EED3DE91C160F1600647BA7 /* Build configuration list for PBXProject "FrameworkSample" */;
			compatibilityVersion = "Xcode 3.2";
			developmentRegion = English;
			hasScannedForEncodings = 0;
			knownRegions = (
				en,
				Base,
			);
			mainGroup = 1EED3DE51C160F1600647BA7;
			productRefGroup = 1EED3DEF1C160F1600647BA7 /* Products */;
			projectDirPath = "";
			projectRoot = "";
			targets = (
				1EED3DED1C160F1600647BA7 /* FrameworkSample */,
			);
		};
/* End PBXProject section */

/* Begin PBXResourcesBuildPhase section */
		1EED3DEC1C160F1600647BA7 /* Resources */ = {
			isa = PBXResourcesBuildPhase;
			buildActionMask = 2147483647;
			files = (
				1EED3DFC1C160F1600647BA7 /* LaunchScreen.storyboard in Resources */,
				1EED3DF91C160F1600647BA7 /* Assets.xcassets in Resources */,
				1EED3DF71C160F1600647BA7 /* Main.storyboard in Resources */,
			);
			runOnlyForDeploymentPostprocessing = 0;
		};
/* End PBXResourcesBuildPhase section */

/* Begin PBXSourcesBuildPhase section */
		1EED3DEA1C160F1600647BA7 /* Sources */ = {
			isa = PBXSourcesBuildPhase;
			buildActionMask = 2147483647;
			files = (
				1EED3DF41C160F1600647BA7 /* ViewController.swift in Sources */,
				1EED3DF21C160F1600647BA7 /* AppDelegate.swift in Sources */,
			);
			runOnlyForDeploymentPostprocessing = 0;
		};
/* End PBXSourcesBuildPhase section */

/* Begin PBXVariantGroup section */
		1EED3DF51C160F1600647BA7 /* Main.storyboard */ = {
			isa = PBXVariantGroup;
			children = (
				1EED3DF61C160F1600647BA7 /* Base */,
			);
			name = Main.storyboard;
			sourceTree = "<group>";
		};
		1EED3DFA1C160F1600647BA7 /* LaunchScreen.storyboard */ = {
			isa = PBXVariantGroup;
			children = (
				1EED3DFB1C160F1600647BA7 /* Base */,
			);
			name = LaunchScreen.storyboard;
			sourceTree = "<group>";
		};
/* End PBXVariantGroup section */

/* Begin XCBuildConfiguration section */
		1EED3DFE1C160F1600647BA7 /* Debug */ = {
			isa = XCBuildConfiguration;
			buildSettings = {
				ALWAYS_SEARCH_USER_PATHS = NO;
				CLANG_CXX_LANGUAGE_STANDARD = "gnu++0x";
				CLANG_CXX_LIBRARY = "libc++";
				CLANG_ENABLE_MODULES = YES;
				CLANG_ENABLE_OBJC_ARC = YES;
				CLANG_WARN_BOOL_CONVERSION = YES;
				CLANG_WARN_CONSTANT_CONVERSION = YES;
				CLANG_WARN_DIRECT_OBJC_ISA_USAGE = YES_ERROR;
				CLANG_WARN_EMPTY_BODY = YES;
				CLANG_WARN_ENUM_CONVERSION = YES;
				CLANG_WARN_INT_CONVERSION = YES;
				CLANG_WARN_OBJC_ROOT_CLASS = YES_ERROR;
				CLANG_WARN_UNREACHABLE_CODE = YES;
				CLANG_WARN__DUPLICATE_METHOD_MATCH = YES;
				"CODE_SIGN_IDENTITY[sdk=iphoneos*]" = "iPhone Developer";
				COPY_PHASE_STRIP = NO;
				DEBUG_INFORMATION_FORMAT = dwarf;
				ENABLE_STRICT_OBJC_MSGSEND = YES;
				ENABLE_TESTABILITY = YES;
				GCC_C_LANGUAGE_STANDARD = gnu99;
				GCC_DYNAMIC_NO_PIC = NO;
				GCC_NO_COMMON_BLOCKS = YES;
				GCC_OPTIMIZATION_LEVEL = 0;
				GCC_PREPROCESSOR_DEFINITIONS = (
					"DEBUG=1",
					"$(inherited)",
				);
				GCC_WARN_64_TO_32_BIT_CONVERSION = YES;
				GCC_WARN_ABOUT_RETURN_TYPE = YES_ERROR;
				GCC_WARN_UNDECLARED_SELECTOR = YES;
				GCC_WARN_UNINITIALIZED_AUTOS = YES_AGGRESSIVE;
				GCC_WARN_UNUSED_FUNCTION = YES;
				GCC_WARN_UNUSED_VARIABLE = YES;
				IPHONEOS_DEPLOYMENT_TARGET = 9.2;
				MTL_ENABLE_DEBUG_INFO = YES;
				ONLY_ACTIVE_ARCH = YES;
				SDKROOT = iphoneos;
				SWIFT_OPTIMIZATION_LEVEL = "-Onone";
				TARGETED_DEVICE_FAMILY = "1,2";
			};
			name = Debug;
		};
		1EED3DFF1C160F1600647BA7 /* Release */ = {
			isa = XCBuildConfiguration;
			buildSettings = {
				ALWAYS_SEARCH_USER_PATHS = NO;
				CLANG_CXX_LANGUAGE_STANDARD = "gnu++0x";
				CLANG_CXX_LIBRARY = "libc++";
				CLANG_ENABLE_MODULES = YES;
				CLANG_ENABLE_OBJC_ARC = YES;
				CLANG_WARN_BOOL_CONVERSION = YES;
				CLANG_WARN_CONSTANT_CONVERSION = YES;
				CLANG_WARN_DIRECT_OBJC_ISA_USAGE = YES_ERROR;
				CLANG_WARN_EMPTY_BODY = YES;
				CLANG_WARN_ENUM_CONVERSION = YES;
				CLANG_WARN_INT_CONVERSION = YES;
				CLANG_WARN_OBJC_ROOT_CLASS = YES_ERROR;
				CLANG_WARN_UNREACHABLE_CODE = YES;
				CLANG_WARN__DUPLICATE_METHOD_MATCH = YES;
				"CODE_SIGN_IDENTITY[sdk=iphoneos*]" = "iPhone Developer";
				COPY_PHASE_STRIP = NO;
				DEBUG_INFORMATION_FORMAT = "dwarf-with-dsym";
				ENABLE_NS_ASSERTIONS = NO;
				ENABLE_STRICT_OBJC_MSGSEND = YES;
				GCC_C_LANGUAGE_STANDARD = gnu99;
				GCC_NO_COMMON_BLOCKS = YES;
				GCC_WARN_64_TO_32_BIT_CONVERSION = YES;
				GCC_WARN_ABOUT_RETURN_TYPE = YES_ERROR;
				GCC_WARN_UNDECLARED_SELECTOR = YES;
				GCC_WARN_UNINITIALIZED_AUTOS = YES_AGGRESSIVE;
				GCC_WARN_UNUSED_FUNCTION = YES;
				GCC_WARN_UNUSED_VARIABLE = YES;
				IPHONEOS_DEPLOYMENT_TARGET = 9.2;
				MTL_ENABLE_DEBUG_INFO = NO;
				SDKROOT = iphoneos;
				TARGETED_DEVICE_FAMILY = "1,2";
				VALIDATE_PRODUCT = YES;
			};
			name = Release;
		};
		1EED3E011C160F1600647BA7 /* Debug */ = {
			isa = XCBuildConfiguration;
			buildSettings = {
				ASSETCATALOG_COMPILER_APPICON_NAME = AppIcon;
				EMBEDDED_CONTENT_CONTAINS_SWIFT = NO;
				FRAMEWORK_SEARCH_PATHS = (
					"$(inherited)",
					"$(PROJECT_DIR)/FrameworkSample",
				);
				INFOPLIST_FILE = FrameworkSample/Info.plist;
				LD_RUNPATH_SEARCH_PATHS = "$(inherited) @executable_path/Frameworks";
				PRODUCT_BUNDLE_IDENTIFIER = com.FrameworkSample;
				PRODUCT_NAME = "$(TARGET_NAME)";
			};
			name = Debug;
		};
		1EED3E021C160F1600647BA7 /* Release */ = {
			isa = XCBuildConfiguration;
			buildSettings = {
				ASSETCATALOG_COMPILER_APPICON_NAME = AppIcon;
				EMBEDDED_CONTENT_CONTAINS_SWIFT = NO;
				FRAMEWORK_SEARCH_PATHS = (
					"$(inherited)",
					"$(PROJECT_DIR)/FrameworkSample",
				);
				INFOPLIST_FILE = FrameworkSample/Info.plist;
				LD_RUNPATH_SEARCH_PATHS = "$(inherited) @executable_path/Frameworks";
				PRODUCT_BUNDLE_IDENTIFIER = com.FrameworkSample;
				PRODUCT_NAME = "$(TARGET_NAME)";
			};
			name = Release;
		};
/* End XCBuildConfiguration section */

/* Begin XCConfigurationList section */
		1EED3DE91C160F1600647BA7 /* Build configuration list for PBXProject "FrameworkSample" */ = {
			isa = XCConfigurationList;
			buildConfigurations = (
				1EED3DFE1C160F1600647BA7 /* Debug */,
				1EED3DFF1C160F1600647BA7 /* Release */,
			);
			defaultConfigurationIsVisible = 0;
			defaultConfigurationName = Release;
		};
		1EED3E001C160F1600647BA7 /* Build configuration list for PBXNativeTarget "FrameworkSample" */ = {
			isa = XCConfigurationList;
			buildConfigurations = (
				1EED3E011C160F1600647BA7 /* Debug */,
				1EED3E021C160F1600647BA7 /* Release */,
			);
			defaultConfigurationIsVisible = 0;
		};
/* End XCConfigurationList section */
	};
	rootObject = 1EED3DE61C160F1600647BA7 /* Project object */;
}
