// !$*UTF8*$!
{
	archiveVersion = 1;
	classes = {
	};
	objectVersion = 48;
	objects = {

/* Begin PBXBuildFile section */
		1E8AC9371F20E9BD004D3329 /* AppDelegate.swift in Sources */ = {isa = PBXBuildFile; fileRef = 1E8AC9361F20E9BD004D3329 /* AppDelegate.swift */; };
		1E8AC9391F20E9BD004D3329 /* ViewController.swift in Sources */ = {isa = PBXBuildFile; fileRef = 1E8AC9381F20E9BD004D3329 /* ViewController.swift */; };
		1E8AC93C1F20E9BD004D3329 /* Main.storyboard in Resources */ = {isa = PBXBuildFile; fileRef = 1E8AC93A1F20E9BD004D3329 /* Main.storyboard */; };
		1E8AC93E1F20E9BD004D3329 /* Assets.xcassets in Resources */ = {isa = PBXBuildFile; fileRef = 1E8AC93D1F20E9BD004D3329 /* Assets.xcassets */; };
		1E8AC9411F20E9BD004D3329 /* LaunchScreen.storyboard in Resources */ = {isa = PBXBuildFile; fileRef = 1E8AC93F1F20E9BD004D3329 /* LaunchScreen.storyboard */; };
		1E8AC9491F20EFCE004D3329 /* Inceptionv3.mlmodel in Sources */ = {isa = PBXBuildFile; fileRef = 1E8AC9481F20EFCE004D3329 /* Inceptionv3.mlmodel */; };
		1E8AC94C1F20F098004D3329 /* UIImage+Processing.swift in Sources */ = {isa = PBXBuildFile; fileRef = 1E8AC94B1F20F098004D3329 /* UIImage+Processing.swift */; };
/* End PBXBuildFile section */

/* Begin PBXFileReference section */
		1E8AC9331F20E9BD004D3329 /* ObjectDetectionCoreML.app */ = {isa = PBXFileReference; explicitFileType = wrapper.application; includeInIndex = 0; path = ObjectDetectionCoreML.app; sourceTree = BUILT_PRODUCTS_DIR; };
		1E8AC9361F20E9BD004D3329 /* AppDelegate.swift */ = {isa = PBXFileReference; lastKnownFileType = sourcecode.swift; path = AppDelegate.swift; sourceTree = "<group>"; };
		1E8AC9381F20E9BD004D3329 /* ViewController.swift */ = {isa = PBXFileReference; lastKnownFileType = sourcecode.swift; path = ViewController.swift; sourceTree = "<group>"; };
		1E8AC93B1F20E9BD004D3329 /* Base */ = {isa = PBXFileReference; lastKnownFileType = file.storyboard; name = Base; path = Base.lproj/Main.storyboard; sourceTree = "<group>"; };
		1E8AC93D1F20E9BD004D3329 /* Assets.xcassets */ = {isa = PBXFileReference; lastKnownFileType = folder.assetcatalog; path = Assets.xcassets; sourceTree = "<group>"; };
		1E8AC9401F20E9BD004D3329 /* Base */ = {isa = PBXFileReference; lastKnownFileType = file.storyboard; name = Base; path = Base.lproj/LaunchScreen.storyboard; sourceTree = "<group>"; };
		1E8AC9421F20E9BD004D3329 /* Info.plist */ = {isa = PBXFileReference; lastKnownFileType = text.plist.xml; path = Info.plist; sourceTree = "<group>"; };
		1E8AC9481F20EFCE004D3329 /* Inceptionv3.mlmodel */ = {isa = PBXFileReference; lastKnownFileType = file.mlmodel; path = Inceptionv3.mlmodel; sourceTree = "<group>"; };
		1E8AC94B1F20F098004D3329 /* UIImage+Processing.swift */ = {isa = PBXFileReference; lastKnownFileType = sourcecode.swift; path = "UIImage+Processing.swift"; sourceTree = "<group>"; };
/* End PBXFileReference section */

/* Begin PBXFrameworksBuildPhase section */
		1E8AC9301F20E9BD004D3329 /* Frameworks */ = {
			isa = PBXFrameworksBuildPhase;
			buildActionMask = 2147483647;
			files = (
			);
			runOnlyForDeploymentPostprocessing = 0;
		};
/* End PBXFrameworksBuildPhase section */

/* Begin PBXGroup section */
		1E8AC92A1F20E9BD004D3329 = {
			isa = PBXGroup;
			children = (
				1E8AC9351F20E9BD004D3329 /* ObjectDetectionCoreML */,
				1E8AC9341F20E9BD004D3329 /* Products */,
			);
			sourceTree = "<group>";
		};
		1E8AC9341F20E9BD004D3329 /* Products */ = {
			isa = PBXGroup;
			children = (
				1E8AC9331F20E9BD004D3329 /* ObjectDetectionCoreML.app */,
			);
			name = Products;
			sourceTree = "<group>";
		};
		1E8AC9351F20E9BD004D3329 /* ObjectDetectionCoreML */ = {
			isa = PBXGroup;
			children = (
				1E8AC9361F20E9BD004D3329 /* AppDelegate.swift */,
				1E8AC9381F20E9BD004D3329 /* ViewController.swift */,
				1E8AC94B1F20F098004D3329 /* UIImage+Processing.swift */,
				1E8AC93A1F20E9BD004D3329 /* Main.storyboard */,
				1E8AC93D1F20E9BD004D3329 /* Assets.xcassets */,
				1E8AC93F1F20E9BD004D3329 /* LaunchScreen.storyboard */,
				1E8AC9421F20E9BD004D3329 /* Info.plist */,
				1E8AC94A1F20EFD8004D3329 /* Resources */,
			);
			path = ObjectDetectionCoreML;
			sourceTree = "<group>";
		};
		1E8AC94A1F20EFD8004D3329 /* Resources */ = {
			isa = PBXGroup;
			children = (
				1E8AC9481F20EFCE004D3329 /* Inceptionv3.mlmodel */,
			);
			path = Resources;
			sourceTree = "<group>";
		};
/* End PBXGroup section */

/* Begin PBXNativeTarget section */
		1E8AC9321F20E9BD004D3329 /* ObjectDetectionCoreML */ = {
			isa = PBXNativeTarget;
			buildConfigurationList = 1E8AC9451F20E9BD004D3329 /* Build configuration list for PBXNativeTarget "ObjectDetectionCoreML" */;
			buildPhases = (
				1E8AC92F1F20E9BD004D3329 /* Sources */,
				1E8AC9301F20E9BD004D3329 /* Frameworks */,
				1E8AC9311F20E9BD004D3329 /* Resources */,
			);
			buildRules = (
			);
			dependencies = (
			);
			name = ObjectDetectionCoreML;
			productName = ObjectDetectionCoreML;
			productReference = 1E8AC9331F20E9BD004D3329 /* ObjectDetectionCoreML.app */;
			productType = "com.apple.product-type.application";
		};
/* End PBXNativeTarget section */

/* Begin PBXProject section */
		1E8AC92B1F20E9BD004D3329 /* Project object */ = {
			isa = PBXProject;
			attributes = {
				LastSwiftUpdateCheck = 0900;
				LastUpgradeCheck = 0900;
				ORGANIZATIONNAME = Learning;
				TargetAttributes = {
					1E8AC9321F20E9BD004D3329 = {
						CreatedOnToolsVersion = 9.0;
					};
				};
			};
			buildConfigurationList = 1E8AC92E1F20E9BD004D3329 /* Build configuration list for PBXProject "ObjectDetectionCoreML" */;
			compatibilityVersion = "Xcode 8.0";
			developmentRegion = en;
			hasScannedForEncodings = 0;
			knownRegions = (
				en,
				Base,
			);
			mainGroup = 1E8AC92A1F20E9BD004D3329;
			productRefGroup = 1E8AC9341F20E9BD004D3329 /* Products */;
			projectDirPath = "";
			projectRoot = "";
			targets = (
				1E8AC9321F20E9BD004D3329 /* ObjectDetectionCoreML */,
			);
		};
/* End PBXProject section */

/* Begin PBXResourcesBuildPhase section */
		1E8AC9311F20E9BD004D3329 /* Resources */ = {
			isa = PBXResourcesBuildPhase;
			buildActionMask = 2147483647;
			files = (
				1E8AC9411F20E9BD004D3329 /* LaunchScreen.storyboard in Resources */,
				1E8AC93E1F20E9BD004D3329 /* Assets.xcassets in Resources */,
				1E8AC93C1F20E9BD004D3329 /* Main.storyboard in Resources */,
			);
			runOnlyForDeploymentPostprocessing = 0;
		};
/* End PBXResourcesBuildPhase section */

/* Begin PBXSourcesBuildPhase section */
		1E8AC92F1F20E9BD004D3329 /* Sources */ = {
			isa = PBXSourcesBuildPhase;
			buildActionMask = 2147483647;
			files = (
				1E8AC94C1F20F098004D3329 /* UIImage+Processing.swift in Sources */,
				1E8AC9391F20E9BD004D3329 /* ViewController.swift in Sources */,
				1E8AC9491F20EFCE004D3329 /* Inceptionv3.mlmodel in Sources */,
				1E8AC9371F20E9BD004D3329 /* AppDelegate.swift in Sources */,
			);
			runOnlyForDeploymentPostprocessing = 0;
		};
/* End PBXSourcesBuildPhase section */

/* Begin PBXVariantGroup section */
		1E8AC93A1F20E9BD004D3329 /* Main.storyboard */ = {
			isa = PBXVariantGroup;
			children = (
				1E8AC93B1F20E9BD004D3329 /* Base */,
			);
			name = Main.storyboard;
			sourceTree = "<group>";
		};
		1E8AC93F1F20E9BD004D3329 /* LaunchScreen.storyboard */ = {
			isa = PBXVariantGroup;
			children = (
				1E8AC9401F20E9BD004D3329 /* Base */,
			);
			name = LaunchScreen.storyboard;
			sourceTree = "<group>";
		};
/* End PBXVariantGroup section */

/* Begin XCBuildConfiguration section */
		1E8AC9431F20E9BD004D3329 /* Debug */ = {
			isa = XCBuildConfiguration;
			buildSettings = {
				ALWAYS_SEARCH_USER_PATHS = NO;
				CLANG_ANALYZER_NONNULL = YES;
				CLANG_ANALYZER_NUMBER_OBJECT_CONVERSION = YES_AGGRESSIVE;
				CLANG_CXX_LANGUAGE_STANDARD = "gnu++14";
				CLANG_CXX_LIBRARY = "libc++";
				CLANG_ENABLE_MODULES = YES;
				CLANG_ENABLE_OBJC_ARC = YES;
				CLANG_WARN_BLOCK_CAPTURE_AUTORELEASING = YES;
				CLANG_WARN_BOOL_CONVERSION = YES;
				CLANG_WARN_COMMA = YES;
				CLANG_WARN_CONSTANT_CONVERSION = YES;
				CLANG_WARN_DIRECT_OBJC_ISA_USAGE = YES_ERROR;
				CLANG_WARN_DOCUMENTATION_COMMENTS = YES;
				CLANG_WARN_EMPTY_BODY = YES;
				CLANG_WARN_ENUM_CONVERSION = YES;
				CLANG_WARN_INFINITE_RECURSION = YES;
				CLANG_WARN_INT_CONVERSION = YES;
				CLANG_WARN_NON_LITERAL_NULL_CONVERSION = YES;
				CLANG_WARN_OBJC_LITERAL_CONVERSION = YES;
				CLANG_WARN_OBJC_ROOT_CLASS = YES_ERROR;
				CLANG_WARN_RANGE_LOOP_ANALYSIS = YES;
				CLANG_WARN_STRICT_PROTOTYPES = YES;
				CLANG_WARN_SUSPICIOUS_MOVE = YES;
				CLANG_WARN_UNGUARDED_AVAILABILITY = YES_AGGRESSIVE;
				CLANG_WARN_UNREACHABLE_CODE = YES;
				CLANG_WARN__DUPLICATE_METHOD_MATCH = YES;
				CODE_SIGN_IDENTITY = "iPhone Developer";
				COPY_PHASE_STRIP = NO;
				DEBUG_INFORMATION_FORMAT = dwarf;
				ENABLE_STRICT_OBJC_MSGSEND = YES;
				ENABLE_TESTABILITY = YES;
				GCC_C_LANGUAGE_STANDARD = gnu11;
				GCC_DYNAMIC_NO_PIC = NO;
				GCC_NO_COMMON_BLOCKS = YES;
				GCC_OPTIMIZATION_LEVEL = 0;
				GCC_PREPROCESSOR_DEFINITIONS = (
					"DEBUG=1",
					"$(inherited)",
				);
				GCC_WARN_64_TO_32_BIT_CONVERSION = YES;
				GCC_WARN_ABOUT_RETURN_TYPE = YES_ERROR;
				GCC_WARN_UNDECLARED_SELECTOR = YES;
				GCC_WARN_UNINITIALIZED_AUTOS = YES_AGGRESSIVE;
				GCC_WARN_UNUSED_FUNCTION = YES;
				GCC_WARN_UNUSED_VARIABLE = YES;
				IPHONEOS_DEPLOYMENT_TARGET = 11.0;
				MTL_ENABLE_DEBUG_INFO = YES;
				ONLY_ACTIVE_ARCH = YES;
				SDKROOT = iphoneos;
				SWIFT_ACTIVE_COMPILATION_CONDITIONS = DEBUG;
				SWIFT_OPTIMIZATION_LEVEL = "-Onone";
			};
			name = Debug;
		};
		1E8AC9441F20E9BD004D3329 /* Release */ = {
			isa = XCBuildConfiguration;
			buildSettings = {
				ALWAYS_SEARCH_USER_PATHS = NO;
				CLANG_ANALYZER_NONNULL = YES;
				CLANG_ANALYZER_NUMBER_OBJECT_CONVERSION = YES_AGGRESSIVE;
				CLANG_CXX_LANGUAGE_STANDARD = "gnu++14";
				CLANG_CXX_LIBRARY = "libc++";
				CLANG_ENABLE_MODULES = YES;
				CLANG_ENABLE_OBJC_ARC = YES;
				CLANG_WARN_BLOCK_CAPTURE_AUTORELEASING = YES;
				CLANG_WARN_BOOL_CONVERSION = YES;
				CLANG_WARN_COMMA = YES;
				CLANG_WARN_CONSTANT_CONVERSION = YES;
				CLANG_WARN_DIRECT_OBJC_ISA_USAGE = YES_ERROR;
				CLANG_WARN_DOCUMENTATION_COMMENTS = YES;
				CLANG_WARN_EMPTY_BODY = YES;
				CLANG_WARN_ENUM_CONVERSION = YES;
				CLANG_WARN_INFINITE_RECURSION = YES;
				CLANG_WARN_INT_CONVERSION = YES;
				CLANG_WARN_NON_LITERAL_NULL_CONVERSION = YES;
				CLANG_WARN_OBJC_LITERAL_CONVERSION = YES;
				CLANG_WARN_OBJC_ROOT_CLASS = YES_ERROR;
				CLANG_WARN_RANGE_LOOP_ANALYSIS = YES;
				CLANG_WARN_STRICT_PROTOTYPES = YES;
				CLANG_WARN_SUSPICIOUS_MOVE = YES;
				CLANG_WARN_UNGUARDED_AVAILABILITY = YES_AGGRESSIVE;
				CLANG_WARN_UNREACHABLE_CODE = YES;
				CLANG_WARN__DUPLICATE_METHOD_MATCH = YES;
				CODE_SIGN_IDENTITY = "iPhone Developer";
				COPY_PHASE_STRIP = NO;
				DEBUG_INFORMATION_FORMAT = "dwarf-with-dsym";
				ENABLE_NS_ASSERTIONS = NO;
				ENABLE_STRICT_OBJC_MSGSEND = YES;
				GCC_C_LANGUAGE_STANDARD = gnu11;
				GCC_NO_COMMON_BLOCKS = YES;
				GCC_WARN_64_TO_32_BIT_CONVERSION = YES;
				GCC_WARN_ABOUT_RETURN_TYPE = YES_ERROR;
				GCC_WARN_UNDECLARED_SELECTOR = YES;
				GCC_WARN_UNINITIALIZED_AUTOS = YES_AGGRESSIVE;
				GCC_WARN_UNUSED_FUNCTION = YES;
				GCC_WARN_UNUSED_VARIABLE = YES;
				IPHONEOS_DEPLOYMENT_TARGET = 11.0;
				MTL_ENABLE_DEBUG_INFO = NO;
				SDKROOT = iphoneos;
				SWIFT_OPTIMIZATION_LEVEL = "-Owholemodule";
				VALIDATE_PRODUCT = YES;
			};
			name = Release;
		};
		1E8AC9461F20E9BD004D3329 /* Debug */ = {
			isa = XCBuildConfiguration;
			buildSettings = {
				ASSETCATALOG_COMPILER_APPICON_NAME = AppIcon;
				DEVELOPMENT_TEAM = Z99T2HWAJ6;
				INFOPLIST_FILE = ObjectDetectionCoreML/Info.plist;
				IPHONEOS_DEPLOYMENT_TARGET = 11.0;
				LD_RUNPATH_SEARCH_PATHS = "$(inherited) @executable_path/Frameworks";
				PRODUCT_BUNDLE_IDENTIFIER = com.Learned.ObjectDetectionCoreML;
				PRODUCT_NAME = "$(TARGET_NAME)";
				SWIFT_VERSION = 4.0;
				TARGETED_DEVICE_FAMILY = "1,2";
			};
			name = Debug;
		};
		1E8AC9471F20E9BD004D3329 /* Release */ = {
			isa = XCBuildConfiguration;
			buildSettings = {
				ASSETCATALOG_COMPILER_APPICON_NAME = AppIcon;
				DEVELOPMENT_TEAM = Z99T2HWAJ6;
				INFOPLIST_FILE = ObjectDetectionCoreML/Info.plist;
				IPHONEOS_DEPLOYMENT_TARGET = 11.0;
				LD_RUNPATH_SEARCH_PATHS = "$(inherited) @executable_path/Frameworks";
				PRODUCT_BUNDLE_IDENTIFIER = com.Learned.ObjectDetectionCoreML;
				PRODUCT_NAME = "$(TARGET_NAME)";
				SWIFT_VERSION = 4.0;
				TARGETED_DEVICE_FAMILY = "1,2";
			};
			name = Release;
		};
/* End XCBuildConfiguration section */

/* Begin XCConfigurationList section */
		1E8AC92E1F20E9BD004D3329 /* Build configuration list for PBXProject "ObjectDetectionCoreML" */ = {
			isa = XCConfigurationList;
			buildConfigurations = (
				1E8AC9431F20E9BD004D3329 /* Debug */,
				1E8AC9441F20E9BD004D3329 /* Release */,
			);
			defaultConfigurationIsVisible = 0;
			defaultConfigurationName = Release;
		};
		1E8AC9451F20E9BD004D3329 /* Build configuration list for PBXNativeTarget "ObjectDetectionCoreML" */ = {
			isa = XCConfigurationList;
			buildConfigurations = (
				1E8AC9461F20E9BD004D3329 /* Debug */,
				1E8AC9471F20E9BD004D3329 /* Release */,
			);
			defaultConfigurationIsVisible = 0;
		};
/* End XCConfigurationList section */
	};
	rootObject = 1E8AC92B1F20E9BD004D3329 /* Project object */;
}
