// !$*UTF8*$!
{
	archiveVersion = 1;
	classes = {
	};
	objectVersion = 46;
	objects = {

/* Begin PBXBuildFile section */
		1E4D46961C05231E009BFBB1 /* AppDelegate.swift in Sources */ = {isa = PBXBuildFile; fileRef = 1E4D46951C05231E009BFBB1 /* AppDelegate.swift */; };
		1E4D469B1C05231E009BFBB1 /* Main.storyboard in Resources */ = {isa = PBXBuildFile; fileRef = 1E4D46991C05231E009BFBB1 /* Main.storyboard */; };
		1E4D469D1C05231E009BFBB1 /* Images.xcassets in Resources */ = {isa = PBXBuildFile; fileRef = 1E4D469C1C05231E009BFBB1 /* Images.xcassets */; };
		1E4D46A01C05231E009BFBB1 /* LaunchScreen.xib in Resources */ = {isa = PBXBuildFile; fileRef = 1E4D469E1C05231E009BFBB1 /* LaunchScreen.xib */; };
		1E4D46AC1C05231E009BFBB1 /* PhunAppTests.swift in Sources */ = {isa = PBXBuildFile; fileRef = 1E4D46AB1C05231E009BFBB1 /* PhunAppTests.swift */; };
		1E4D46B61C0524DB009BFBB1 /* HomeViewController.swift in Sources */ = {isa = PBXBuildFile; fileRef = 1E4D46B51C0524DB009BFBB1 /* HomeViewController.swift */; };
		1E4D46B81C0524E8009BFBB1 /* DetailViewController.swift in Sources */ = {isa = PBXBuildFile; fileRef = 1E4D46B71C0524E8009BFBB1 /* DetailViewController.swift */; };
		1E4D46BA1C052561009BFBB1 /* HomeCell.swift in Sources */ = {isa = PBXBuildFile; fileRef = 1E4D46B91C052561009BFBB1 /* HomeCell.swift */; };
		1E95B4A51C0CCB4900794EEB /* PhunModel.swift in Sources */ = {isa = PBXBuildFile; fileRef = 1E95B4A41C0CCB4900794EEB /* PhunModel.swift */; };
/* End PBXBuildFile section */

/* Begin PBXContainerItemProxy section */
		1E4D46A61C05231E009BFBB1 /* PBXContainerItemProxy */ = {
			isa = PBXContainerItemProxy;
			containerPortal = 1E4D46881C05231E009BFBB1 /* Project object */;
			proxyType = 1;
			remoteGlobalIDString = 1E4D468F1C05231E009BFBB1;
			remoteInfo = PhunApp;
		};
/* End PBXContainerItemProxy section */

/* Begin PBXFileReference section */
		1E4D46901C05231E009BFBB1 /* PhunApp.app */ = {isa = PBXFileReference; explicitFileType = wrapper.application; includeInIndex = 0; path = PhunApp.app; sourceTree = BUILT_PRODUCTS_DIR; };
		1E4D46941C05231E009BFBB1 /* Info.plist */ = {isa = PBXFileReference; lastKnownFileType = text.plist.xml; path = Info.plist; sourceTree = "<group>"; };
		1E4D46951C05231E009BFBB1 /* AppDelegate.swift */ = {isa = PBXFileReference; lastKnownFileType = sourcecode.swift; path = AppDelegate.swift; sourceTree = "<group>"; };
		1E4D469A1C05231E009BFBB1 /* Base */ = {isa = PBXFileReference; lastKnownFileType = file.storyboard; name = Base; path = Base.lproj/Main.storyboard; sourceTree = "<group>"; };
		1E4D469C1C05231E009BFBB1 /* Images.xcassets */ = {isa = PBXFileReference; lastKnownFileType = folder.assetcatalog; path = Images.xcassets; sourceTree = "<group>"; };
		1E4D469F1C05231E009BFBB1 /* Base */ = {isa = PBXFileReference; lastKnownFileType = file.xib; name = Base; path = Base.lproj/LaunchScreen.xib; sourceTree = "<group>"; };
		1E4D46A51C05231E009BFBB1 /* PhunAppTests.xctest */ = {isa = PBXFileReference; explicitFileType = wrapper.cfbundle; includeInIndex = 0; path = PhunAppTests.xctest; sourceTree = BUILT_PRODUCTS_DIR; };
		1E4D46AA1C05231E009BFBB1 /* Info.plist */ = {isa = PBXFileReference; lastKnownFileType = text.plist.xml; path = Info.plist; sourceTree = "<group>"; };
		1E4D46AB1C05231E009BFBB1 /* PhunAppTests.swift */ = {isa = PBXFileReference; lastKnownFileType = sourcecode.swift; path = PhunAppTests.swift; sourceTree = "<group>"; };
		1E4D46B51C0524DB009BFBB1 /* HomeViewController.swift */ = {isa = PBXFileReference; fileEncoding = 4; lastKnownFileType = sourcecode.swift; path = HomeViewController.swift; sourceTree = "<group>"; };
		1E4D46B71C0524E8009BFBB1 /* DetailViewController.swift */ = {isa = PBXFileReference; fileEncoding = 4; lastKnownFileType = sourcecode.swift; path = DetailViewController.swift; sourceTree = "<group>"; };
		1E4D46B91C052561009BFBB1 /* HomeCell.swift */ = {isa = PBXFileReference; fileEncoding = 4; lastKnownFileType = sourcecode.swift; path = HomeCell.swift; sourceTree = "<group>"; };
		1E95B4A41C0CCB4900794EEB /* PhunModel.swift */ = {isa = PBXFileReference; fileEncoding = 4; lastKnownFileType = sourcecode.swift; path = PhunModel.swift; sourceTree = "<group>"; };
/* End PBXFileReference section */

/* Begin PBXFrameworksBuildPhase section */
		1E4D468D1C05231E009BFBB1 /* Frameworks */ = {
			isa = PBXFrameworksBuildPhase;
			buildActionMask = 2147483647;
			files = (
			);
			runOnlyForDeploymentPostprocessing = 0;
		};
		1E4D46A21C05231E009BFBB1 /* Frameworks */ = {
			isa = PBXFrameworksBuildPhase;
			buildActionMask = 2147483647;
			files = (
			);
			runOnlyForDeploymentPostprocessing = 0;
		};
/* End PBXFrameworksBuildPhase section */

/* Begin PBXGroup section */
		1E4D46871C05231E009BFBB1 = {
			isa = PBXGroup;
			children = (
				1E4D46921C05231E009BFBB1 /* PhunApp */,
				1E4D46A81C05231E009BFBB1 /* PhunAppTests */,
				1E4D46911C05231E009BFBB1 /* Products */,
			);
			sourceTree = "<group>";
		};
		1E4D46911C05231E009BFBB1 /* Products */ = {
			isa = PBXGroup;
			children = (
				1E4D46901C05231E009BFBB1 /* PhunApp.app */,
				1E4D46A51C05231E009BFBB1 /* PhunAppTests.xctest */,
			);
			name = Products;
			sourceTree = "<group>";
		};
		1E4D46921C05231E009BFBB1 /* PhunApp */ = {
			isa = PBXGroup;
			children = (
				1E4D46951C05231E009BFBB1 /* AppDelegate.swift */,
				1E4D46B51C0524DB009BFBB1 /* HomeViewController.swift */,
				1E4D46B71C0524E8009BFBB1 /* DetailViewController.swift */,
				1E4D46B91C052561009BFBB1 /* HomeCell.swift */,
				1E95B4A41C0CCB4900794EEB /* PhunModel.swift */,
				1E4D46991C05231E009BFBB1 /* Main.storyboard */,
				1E4D469C1C05231E009BFBB1 /* Images.xcassets */,
				1E4D469E1C05231E009BFBB1 /* LaunchScreen.xib */,
				1E4D46931C05231E009BFBB1 /* Supporting Files */,
			);
			path = PhunApp;
			sourceTree = "<group>";
		};
		1E4D46931C05231E009BFBB1 /* Supporting Files */ = {
			isa = PBXGroup;
			children = (
				1E4D46941C05231E009BFBB1 /* Info.plist */,
			);
			name = "Supporting Files";
			sourceTree = "<group>";
		};
		1E4D46A81C05231E009BFBB1 /* PhunAppTests */ = {
			isa = PBXGroup;
			children = (
				1E4D46AB1C05231E009BFBB1 /* PhunAppTests.swift */,
				1E4D46A91C05231E009BFBB1 /* Supporting Files */,
			);
			path = PhunAppTests;
			sourceTree = "<group>";
		};
		1E4D46A91C05231E009BFBB1 /* Supporting Files */ = {
			isa = PBXGroup;
			children = (
				1E4D46AA1C05231E009BFBB1 /* Info.plist */,
			);
			name = "Supporting Files";
			sourceTree = "<group>";
		};
/* End PBXGroup section */

/* Begin PBXNativeTarget section */
		1E4D468F1C05231E009BFBB1 /* PhunApp */ = {
			isa = PBXNativeTarget;
			buildConfigurationList = 1E4D46AF1C05231E009BFBB1 /* Build configuration list for PBXNativeTarget "PhunApp" */;
			buildPhases = (
				1E4D468C1C05231E009BFBB1 /* Sources */,
				1E4D468D1C05231E009BFBB1 /* Frameworks */,
				1E4D468E1C05231E009BFBB1 /* Resources */,
			);
			buildRules = (
			);
			dependencies = (
			);
			name = PhunApp;
			productName = PhunApp;
			productReference = 1E4D46901C05231E009BFBB1 /* PhunApp.app */;
			productType = "com.apple.product-type.application";
		};
		1E4D46A41C05231E009BFBB1 /* PhunAppTests */ = {
			isa = PBXNativeTarget;
			buildConfigurationList = 1E4D46B21C05231E009BFBB1 /* Build configuration list for PBXNativeTarget "PhunAppTests" */;
			buildPhases = (
				1E4D46A11C05231E009BFBB1 /* Sources */,
				1E4D46A21C05231E009BFBB1 /* Frameworks */,
				1E4D46A31C05231E009BFBB1 /* Resources */,
			);
			buildRules = (
			);
			dependencies = (
				1E4D46A71C05231E009BFBB1 /* PBXTargetDependency */,
			);
			name = PhunAppTests;
			productName = PhunAppTests;
			productReference = 1E4D46A51C05231E009BFBB1 /* PhunAppTests.xctest */;
			productType = "com.apple.product-type.bundle.unit-test";
		};
/* End PBXNativeTarget section */

/* Begin PBXProject section */
		1E4D46881C05231E009BFBB1 /* Project object */ = {
			isa = PBXProject;
			attributes = {
				LastUpgradeCheck = 0640;
				ORGANIZATIONNAME = learning;
				TargetAttributes = {
					1E4D468F1C05231E009BFBB1 = {
						CreatedOnToolsVersion = 6.4;
					};
					1E4D46A41C05231E009BFBB1 = {
						CreatedOnToolsVersion = 6.4;
						TestTargetID = 1E4D468F1C05231E009BFBB1;
					};
				};
			};
			buildConfigurationList = 1E4D468B1C05231E009BFBB1 /* Build configuration list for PBXProject "PhunApp" */;
			compatibilityVersion = "Xcode 3.2";
			developmentRegion = English;
			hasScannedForEncodings = 0;
			knownRegions = (
				en,
				Base,
			);
			mainGroup = 1E4D46871C05231E009BFBB1;
			productRefGroup = 1E4D46911C05231E009BFBB1 /* Products */;
			projectDirPath = "";
			projectRoot = "";
			targets = (
				1E4D468F1C05231E009BFBB1 /* PhunApp */,
				1E4D46A41C05231E009BFBB1 /* PhunAppTests */,
			);
		};
/* End PBXProject section */

/* Begin PBXResourcesBuildPhase section */
		1E4D468E1C05231E009BFBB1 /* Resources */ = {
			isa = PBXResourcesBuildPhase;
			buildActionMask = 2147483647;
			files = (
				1E4D469B1C05231E009BFBB1 /* Main.storyboard in Resources */,
				1E4D46A01C05231E009BFBB1 /* LaunchScreen.xib in Resources */,
				1E4D469D1C05231E009BFBB1 /* Images.xcassets in Resources */,
			);
			runOnlyForDeploymentPostprocessing = 0;
		};
		1E4D46A31C05231E009BFBB1 /* Resources */ = {
			isa = PBXResourcesBuildPhase;
			buildActionMask = 2147483647;
			files = (
			);
			runOnlyForDeploymentPostprocessing = 0;
		};
/* End PBXResourcesBuildPhase section */

/* Begin PBXSourcesBuildPhase section */
		1E4D468C1C05231E009BFBB1 /* Sources */ = {
			isa = PBXSourcesBuildPhase;
			buildActionMask = 2147483647;
			files = (
				1E4D46961C05231E009BFBB1 /* AppDelegate.swift in Sources */,
				1E4D46B61C0524DB009BFBB1 /* HomeViewController.swift in Sources */,
				1E4D46BA1C052561009BFBB1 /* HomeCell.swift in Sources */,
				1E95B4A51C0CCB4900794EEB /* PhunModel.swift in Sources */,
				1E4D46B81C0524E8009BFBB1 /* DetailViewController.swift in Sources */,
			);
			runOnlyForDeploymentPostprocessing = 0;
		};
		1E4D46A11C05231E009BFBB1 /* Sources */ = {
			isa = PBXSourcesBuildPhase;
			buildActionMask = 2147483647;
			files = (
				1E4D46AC1C05231E009BFBB1 /* PhunAppTests.swift in Sources */,
			);
			runOnlyForDeploymentPostprocessing = 0;
		};
/* End PBXSourcesBuildPhase section */

/* Begin PBXTargetDependency section */
		1E4D46A71C05231E009BFBB1 /* PBXTargetDependency */ = {
			isa = PBXTargetDependency;
			target = 1E4D468F1C05231E009BFBB1 /* PhunApp */;
			targetProxy = 1E4D46A61C05231E009BFBB1 /* PBXContainerItemProxy */;
		};
/* End PBXTargetDependency section */

/* Begin PBXVariantGroup section */
		1E4D46991C05231E009BFBB1 /* Main.storyboard */ = {
			isa = PBXVariantGroup;
			children = (
				1E4D469A1C05231E009BFBB1 /* Base */,
			);
			name = Main.storyboard;
			sourceTree = "<group>";
		};
		1E4D469E1C05231E009BFBB1 /* LaunchScreen.xib */ = {
			isa = PBXVariantGroup;
			children = (
				1E4D469F1C05231E009BFBB1 /* Base */,
			);
			name = LaunchScreen.xib;
			sourceTree = "<group>";
		};
/* End PBXVariantGroup section */

/* Begin XCBuildConfiguration section */
		1E4D46AD1C05231E009BFBB1 /* Debug */ = {
			isa = XCBuildConfiguration;
			buildSettings = {
				ALWAYS_SEARCH_USER_PATHS = NO;
				CLANG_CXX_LANGUAGE_STANDARD = "gnu++0x";
				CLANG_CXX_LIBRARY = "libc++";
				CLANG_ENABLE_MODULES = YES;
				CLANG_ENABLE_OBJC_ARC = YES;
				CLANG_WARN_BOOL_CONVERSION = YES;
				CLANG_WARN_CONSTANT_CONVERSION = YES;
				CLANG_WARN_DIRECT_OBJC_ISA_USAGE = YES_ERROR;
				CLANG_WARN_EMPTY_BODY = YES;
				CLANG_WARN_ENUM_CONVERSION = YES;
				CLANG_WARN_INT_CONVERSION = YES;
				CLANG_WARN_OBJC_ROOT_CLASS = YES_ERROR;
				CLANG_WARN_UNREACHABLE_CODE = YES;
				CLANG_WARN__DUPLICATE_METHOD_MATCH = YES;
				"CODE_SIGN_IDENTITY[sdk=iphoneos*]" = "iPhone Developer";
				COPY_PHASE_STRIP = NO;
				DEBUG_INFORMATION_FORMAT = "dwarf-with-dsym";
				ENABLE_STRICT_OBJC_MSGSEND = YES;
				GCC_C_LANGUAGE_STANDARD = gnu99;
				GCC_DYNAMIC_NO_PIC = NO;
				GCC_NO_COMMON_BLOCKS = YES;
				GCC_OPTIMIZATION_LEVEL = 0;
				GCC_PREPROCESSOR_DEFINITIONS = (
					"DEBUG=1",
					"$(inherited)",
				);
				GCC_SYMBOLS_PRIVATE_EXTERN = NO;
				GCC_WARN_64_TO_32_BIT_CONVERSION = YES;
				GCC_WARN_ABOUT_RETURN_TYPE = YES_ERROR;
				GCC_WARN_UNDECLARED_SELECTOR = YES;
				GCC_WARN_UNINITIALIZED_AUTOS = YES_AGGRESSIVE;
				GCC_WARN_UNUSED_FUNCTION = YES;
				GCC_WARN_UNUSED_VARIABLE = YES;
				IPHONEOS_DEPLOYMENT_TARGET = 8.4;
				MTL_ENABLE_DEBUG_INFO = YES;
				ONLY_ACTIVE_ARCH = YES;
				SDKROOT = iphoneos;
				SWIFT_OPTIMIZATION_LEVEL = "-Onone";
				TARGETED_DEVICE_FAMILY = "1,2";
			};
			name = Debug;
		};
		1E4D46AE1C05231E009BFBB1 /* Release */ = {
			isa = XCBuildConfiguration;
			buildSettings = {
				ALWAYS_SEARCH_USER_PATHS = NO;
				CLANG_CXX_LANGUAGE_STANDARD = "gnu++0x";
				CLANG_CXX_LIBRARY = "libc++";
				CLANG_ENABLE_MODULES = YES;
				CLANG_ENABLE_OBJC_ARC = YES;
				CLANG_WARN_BOOL_CONVERSION = YES;
				CLANG_WARN_CONSTANT_CONVERSION = YES;
				CLANG_WARN_DIRECT_OBJC_ISA_USAGE = YES_ERROR;
				CLANG_WARN_EMPTY_BODY = YES;
				CLANG_WARN_ENUM_CONVERSION = YES;
				CLANG_WARN_INT_CONVERSION = YES;
				CLANG_WARN_OBJC_ROOT_CLASS = YES_ERROR;
				CLANG_WARN_UNREACHABLE_CODE = YES;
				CLANG_WARN__DUPLICATE_METHOD_MATCH = YES;
				"CODE_SIGN_IDENTITY[sdk=iphoneos*]" = "iPhone Developer";
				COPY_PHASE_STRIP = NO;
				DEBUG_INFORMATION_FORMAT = "dwarf-with-dsym";
				ENABLE_NS_ASSERTIONS = NO;
				ENABLE_STRICT_OBJC_MSGSEND = YES;
				GCC_C_LANGUAGE_STANDARD = gnu99;
				GCC_NO_COMMON_BLOCKS = YES;
				GCC_WARN_64_TO_32_BIT_CONVERSION = YES;
				GCC_WARN_ABOUT_RETURN_TYPE = YES_ERROR;
				GCC_WARN_UNDECLARED_SELECTOR = YES;
				GCC_WARN_UNINITIALIZED_AUTOS = YES_AGGRESSIVE;
				GCC_WARN_UNUSED_FUNCTION = YES;
				GCC_WARN_UNUSED_VARIABLE = YES;
				IPHONEOS_DEPLOYMENT_TARGET = 8.4;
				MTL_ENABLE_DEBUG_INFO = NO;
				SDKROOT = iphoneos;
				TARGETED_DEVICE_FAMILY = "1,2";
				VALIDATE_PRODUCT = YES;
			};
			name = Release;
		};
		1E4D46B01C05231E009BFBB1 /* Debug */ = {
			isa = XCBuildConfiguration;
			buildSettings = {
				ASSETCATALOG_COMPILER_APPICON_NAME = AppIcon;
				INFOPLIST_FILE = PhunApp/Info.plist;
				LD_RUNPATH_SEARCH_PATHS = "$(inherited) @executable_path/Frameworks";
				PRODUCT_NAME = "$(TARGET_NAME)";
			};
			name = Debug;
		};
		1E4D46B11C05231E009BFBB1 /* Release */ = {
			isa = XCBuildConfiguration;
			buildSettings = {
				ASSETCATALOG_COMPILER_APPICON_NAME = AppIcon;
				INFOPLIST_FILE = PhunApp/Info.plist;
				LD_RUNPATH_SEARCH_PATHS = "$(inherited) @executable_path/Frameworks";
				PRODUCT_NAME = "$(TARGET_NAME)";
			};
			name = Release;
		};
		1E4D46B31C05231E009BFBB1 /* Debug */ = {
			isa = XCBuildConfiguration;
			buildSettings = {
				BUNDLE_LOADER = "$(TEST_HOST)";
				FRAMEWORK_SEARCH_PATHS = (
					"$(SDKROOT)/Developer/Library/Frameworks",
					"$(inherited)",
				);
				GCC_PREPROCESSOR_DEFINITIONS = (
					"DEBUG=1",
					"$(inherited)",
				);
				INFOPLIST_FILE = PhunAppTests/Info.plist;
				LD_RUNPATH_SEARCH_PATHS = "$(inherited) @executable_path/Frameworks @loader_path/Frameworks";
				PRODUCT_NAME = "$(TARGET_NAME)";
				TEST_HOST = "$(BUILT_PRODUCTS_DIR)/PhunApp.app/PhunApp";
			};
			name = Debug;
		};
		1E4D46B41C05231E009BFBB1 /* Release */ = {
			isa = XCBuildConfiguration;
			buildSettings = {
				BUNDLE_LOADER = "$(TEST_HOST)";
				FRAMEWORK_SEARCH_PATHS = (
					"$(SDKROOT)/Developer/Library/Frameworks",
					"$(inherited)",
				);
				INFOPLIST_FILE = PhunAppTests/Info.plist;
				LD_RUNPATH_SEARCH_PATHS = "$(inherited) @executable_path/Frameworks @loader_path/Frameworks";
				PRODUCT_NAME = "$(TARGET_NAME)";
				TEST_HOST = "$(BUILT_PRODUCTS_DIR)/PhunApp.app/PhunApp";
			};
			name = Release;
		};
/* End XCBuildConfiguration section */

/* Begin XCConfigurationList section */
		1E4D468B1C05231E009BFBB1 /* Build configuration list for PBXProject "PhunApp" */ = {
			isa = XCConfigurationList;
			buildConfigurations = (
				1E4D46AD1C05231E009BFBB1 /* Debug */,
				1E4D46AE1C05231E009BFBB1 /* Release */,
			);
			defaultConfigurationIsVisible = 0;
			defaultConfigurationName = Release;
		};
		1E4D46AF1C05231E009BFBB1 /* Build configuration list for PBXNativeTarget "PhunApp" */ = {
			isa = XCConfigurationList;
			buildConfigurations = (
				1E4D46B01C05231E009BFBB1 /* Debug */,
				1E4D46B11C05231E009BFBB1 /* Release */,
			);
			defaultConfigurationIsVisible = 0;
			defaultConfigurationName = Release;
		};
		1E4D46B21C05231E009BFBB1 /* Build configuration list for PBXNativeTarget "PhunAppTests" */ = {
			isa = XCConfigurationList;
			buildConfigurations = (
				1E4D46B31C05231E009BFBB1 /* Debug */,
				1E4D46B41C05231E009BFBB1 /* Release */,
			);
			defaultConfigurationIsVisible = 0;
			defaultConfigurationName = Release;
		};
/* End XCConfigurationList section */
	};
	rootObject = 1E4D46881C05231E009BFBB1 /* Project object */;
}
