// !$*UTF8*$!
{
	archiveVersion = 1;
	classes = {
	};
	objectVersion = 46;
	objects = {

/* Begin PBXBuildFile section */
		1E2322701E1FD37000AA3F53 /* AppDelegate.swift in Sources */ = {isa = PBXBuildFile; fileRef = 1E23226F1E1FD37000AA3F53 /* AppDelegate.swift */; };
		1E2322721E1FD37000AA3F53 /* ViewController.swift in Sources */ = {isa = PBXBuildFile; fileRef = 1E2322711E1FD37000AA3F53 /* ViewController.swift */; };
		1E2322751E1FD37000AA3F53 /* Main.storyboard in Resources */ = {isa = PBXBuildFile; fileRef = 1E2322731E1FD37000AA3F53 /* Main.storyboard */; };
		1E2322771E1FD37000AA3F53 /* Assets.xcassets in Resources */ = {isa = PBXBuildFile; fileRef = 1E2322761E1FD37000AA3F53 /* Assets.xcassets */; };
		1E23227A1E1FD37000AA3F53 /* LaunchScreen.storyboard in Resources */ = {isa = PBXBuildFile; fileRef = 1E2322781E1FD37000AA3F53 /* LaunchScreen.storyboard */; };
		1E2322821E1FDC4700AA3F53 /* manu.jpeg in Resources */ = {isa = PBXBuildFile; fileRef = 1E2322811E1FDC4700AA3F53 /* manu.jpeg */; };
		1E2322841E1FE01F00AA3F53 /* NotificationScheduler.swift in Sources */ = {isa = PBXBuildFile; fileRef = 1E2322831E1FE01F00AA3F53 /* NotificationScheduler.swift */; };
/* End PBXBuildFile section */

/* Begin PBXFileReference section */
		1E23226C1E1FD37000AA3F53 /* UserNotificationsSample.app */ = {isa = PBXFileReference; explicitFileType = wrapper.application; includeInIndex = 0; path = UserNotificationsSample.app; sourceTree = BUILT_PRODUCTS_DIR; };
		1E23226F1E1FD37000AA3F53 /* AppDelegate.swift */ = {isa = PBXFileReference; lastKnownFileType = sourcecode.swift; path = AppDelegate.swift; sourceTree = "<group>"; };
		1E2322711E1FD37000AA3F53 /* ViewController.swift */ = {isa = PBXFileReference; lastKnownFileType = sourcecode.swift; path = ViewController.swift; sourceTree = "<group>"; };
		1E2322741E1FD37000AA3F53 /* Base */ = {isa = PBXFileReference; lastKnownFileType = file.storyboard; name = Base; path = Base.lproj/Main.storyboard; sourceTree = "<group>"; };
		1E2322761E1FD37000AA3F53 /* Assets.xcassets */ = {isa = PBXFileReference; lastKnownFileType = folder.assetcatalog; path = Assets.xcassets; sourceTree = "<group>"; };
		1E2322791E1FD37000AA3F53 /* Base */ = {isa = PBXFileReference; lastKnownFileType = file.storyboard; name = Base; path = Base.lproj/LaunchScreen.storyboard; sourceTree = "<group>"; };
		1E23227B1E1FD37000AA3F53 /* Info.plist */ = {isa = PBXFileReference; lastKnownFileType = text.plist.xml; path = Info.plist; sourceTree = "<group>"; };
		1E2322811E1FDC4700AA3F53 /* manu.jpeg */ = {isa = PBXFileReference; lastKnownFileType = image.jpeg; path = manu.jpeg; sourceTree = "<group>"; };
		1E2322831E1FE01F00AA3F53 /* NotificationScheduler.swift */ = {isa = PBXFileReference; fileEncoding = 4; lastKnownFileType = sourcecode.swift; path = NotificationScheduler.swift; sourceTree = "<group>"; };
/* End PBXFileReference section */

/* Begin PBXFrameworksBuildPhase section */
		1E2322691E1FD37000AA3F53 /* Frameworks */ = {
			isa = PBXFrameworksBuildPhase;
			buildActionMask = 2147483647;
			files = (
			);
			runOnlyForDeploymentPostprocessing = 0;
		};
/* End PBXFrameworksBuildPhase section */

/* Begin PBXGroup section */
		1E2322631E1FD37000AA3F53 = {
			isa = PBXGroup;
			children = (
				1E23226E1E1FD37000AA3F53 /* UserNotificationsSample */,
				1E23226D1E1FD37000AA3F53 /* Products */,
			);
			sourceTree = "<group>";
		};
		1E23226D1E1FD37000AA3F53 /* Products */ = {
			isa = PBXGroup;
			children = (
				1E23226C1E1FD37000AA3F53 /* UserNotificationsSample.app */,
			);
			name = Products;
			sourceTree = "<group>";
		};
		1E23226E1E1FD37000AA3F53 /* UserNotificationsSample */ = {
			isa = PBXGroup;
			children = (
				1E23226F1E1FD37000AA3F53 /* AppDelegate.swift */,
				1E2322711E1FD37000AA3F53 /* ViewController.swift */,
				1E2322831E1FE01F00AA3F53 /* NotificationScheduler.swift */,
				1E2322731E1FD37000AA3F53 /* Main.storyboard */,
				1E2322761E1FD37000AA3F53 /* Assets.xcassets */,
				1E2322781E1FD37000AA3F53 /* LaunchScreen.storyboard */,
				1E2322811E1FDC4700AA3F53 /* manu.jpeg */,
				1E23227B1E1FD37000AA3F53 /* Info.plist */,
			);
			path = UserNotificationsSample;
			sourceTree = "<group>";
		};
/* End PBXGroup section */

/* Begin PBXNativeTarget section */
		1E23226B1E1FD37000AA3F53 /* UserNotificationsSample */ = {
			isa = PBXNativeTarget;
			buildConfigurationList = 1E23227E1E1FD37100AA3F53 /* Build configuration list for PBXNativeTarget "UserNotificationsSample" */;
			buildPhases = (
				1E2322681E1FD37000AA3F53 /* Sources */,
				1E2322691E1FD37000AA3F53 /* Frameworks */,
				1E23226A1E1FD37000AA3F53 /* Resources */,
			);
			buildRules = (
			);
			dependencies = (
			);
			name = UserNotificationsSample;
			productName = UserNotificationsSample;
			productReference = 1E23226C1E1FD37000AA3F53 /* UserNotificationsSample.app */;
			productType = "com.apple.product-type.application";
		};
/* End PBXNativeTarget section */

/* Begin PBXProject section */
		1E2322641E1FD37000AA3F53 /* Project object */ = {
			isa = PBXProject;
			attributes = {
				LastSwiftUpdateCheck = 0820;
				LastUpgradeCheck = 0820;
				ORGANIZATIONNAME = Learning;
				TargetAttributes = {
					1E23226B1E1FD37000AA3F53 = {
						CreatedOnToolsVersion = 8.2.1;
						DevelopmentTeam = Z99T2HWAJ6;
						ProvisioningStyle = Automatic;
					};
				};
			};
			buildConfigurationList = 1E2322671E1FD37000AA3F53 /* Build configuration list for PBXProject "UserNotificationsSample" */;
			compatibilityVersion = "Xcode 3.2";
			developmentRegion = English;
			hasScannedForEncodings = 0;
			knownRegions = (
				en,
				Base,
			);
			mainGroup = 1E2322631E1FD37000AA3F53;
			productRefGroup = 1E23226D1E1FD37000AA3F53 /* Products */;
			projectDirPath = "";
			projectRoot = "";
			targets = (
				1E23226B1E1FD37000AA3F53 /* UserNotificationsSample */,
			);
		};
/* End PBXProject section */

/* Begin PBXResourcesBuildPhase section */
		1E23226A1E1FD37000AA3F53 /* Resources */ = {
			isa = PBXResourcesBuildPhase;
			buildActionMask = 2147483647;
			files = (
				1E23227A1E1FD37000AA3F53 /* LaunchScreen.storyboard in Resources */,
				1E2322771E1FD37000AA3F53 /* Assets.xcassets in Resources */,
				1E2322821E1FDC4700AA3F53 /* manu.jpeg in Resources */,
				1E2322751E1FD37000AA3F53 /* Main.storyboard in Resources */,
			);
			runOnlyForDeploymentPostprocessing = 0;
		};
/* End PBXResourcesBuildPhase section */

/* Begin PBXSourcesBuildPhase section */
		1E2322681E1FD37000AA3F53 /* Sources */ = {
			isa = PBXSourcesBuildPhase;
			buildActionMask = 2147483647;
			files = (
				1E2322721E1FD37000AA3F53 /* ViewController.swift in Sources */,
				1E2322841E1FE01F00AA3F53 /* NotificationScheduler.swift in Sources */,
				1E2322701E1FD37000AA3F53 /* AppDelegate.swift in Sources */,
			);
			runOnlyForDeploymentPostprocessing = 0;
		};
/* End PBXSourcesBuildPhase section */

/* Begin PBXVariantGroup section */
		1E2322731E1FD37000AA3F53 /* Main.storyboard */ = {
			isa = PBXVariantGroup;
			children = (
				1E2322741E1FD37000AA3F53 /* Base */,
			);
			name = Main.storyboard;
			sourceTree = "<group>";
		};
		1E2322781E1FD37000AA3F53 /* LaunchScreen.storyboard */ = {
			isa = PBXVariantGroup;
			children = (
				1E2322791E1FD37000AA3F53 /* Base */,
			);
			name = LaunchScreen.storyboard;
			sourceTree = "<group>";
		};
/* End PBXVariantGroup section */

/* Begin XCBuildConfiguration section */
		1E23227C1E1FD37100AA3F53 /* Debug */ = {
			isa = XCBuildConfiguration;
			buildSettings = {
				ALWAYS_SEARCH_USER_PATHS = NO;
				CLANG_ANALYZER_NONNULL = YES;
				CLANG_CXX_LANGUAGE_STANDARD = "gnu++0x";
				CLANG_CXX_LIBRARY = "libc++";
				CLANG_ENABLE_MODULES = YES;
				CLANG_ENABLE_OBJC_ARC = YES;
				CLANG_WARN_BOOL_CONVERSION = YES;
				CLANG_WARN_CONSTANT_CONVERSION = YES;
				CLANG_WARN_DIRECT_OBJC_ISA_USAGE = YES_ERROR;
				CLANG_WARN_DOCUMENTATION_COMMENTS = YES;
				CLANG_WARN_EMPTY_BODY = YES;
				CLANG_WARN_ENUM_CONVERSION = YES;
				CLANG_WARN_INFINITE_RECURSION = YES;
				CLANG_WARN_INT_CONVERSION = YES;
				CLANG_WARN_OBJC_ROOT_CLASS = YES_ERROR;
				CLANG_WARN_SUSPICIOUS_MOVE = YES;
				CLANG_WARN_UNREACHABLE_CODE = YES;
				CLANG_WARN__DUPLICATE_METHOD_MATCH = YES;
				"CODE_SIGN_IDENTITY[sdk=iphoneos*]" = "iPhone Developer";
				COPY_PHASE_STRIP = NO;
				DEBUG_INFORMATION_FORMAT = dwarf;
				ENABLE_STRICT_OBJC_MSGSEND = YES;
				ENABLE_TESTABILITY = YES;
				GCC_C_LANGUAGE_STANDARD = gnu99;
				GCC_DYNAMIC_NO_PIC = NO;
				GCC_NO_COMMON_BLOCKS = YES;
				GCC_OPTIMIZATION_LEVEL = 0;
				GCC_PREPROCESSOR_DEFINITIONS = (
					"DEBUG=1",
					"$(inherited)",
				);
				GCC_WARN_64_TO_32_BIT_CONVERSION = YES;
				GCC_WARN_ABOUT_RETURN_TYPE = YES_ERROR;
				GCC_WARN_UNDECLARED_SELECTOR = YES;
				GCC_WARN_UNINITIALIZED_AUTOS = YES_AGGRESSIVE;
				GCC_WARN_UNUSED_FUNCTION = YES;
				GCC_WARN_UNUSED_VARIABLE = YES;
				IPHONEOS_DEPLOYMENT_TARGET = 10.2;
				MTL_ENABLE_DEBUG_INFO = YES;
				ONLY_ACTIVE_ARCH = YES;
				SDKROOT = iphoneos;
				SWIFT_ACTIVE_COMPILATION_CONDITIONS = DEBUG;
				SWIFT_OPTIMIZATION_LEVEL = "-Onone";
				TARGETED_DEVICE_FAMILY = "1,2";
			};
			name = Debug;
		};
		1E23227D1E1FD37100AA3F53 /* Release */ = {
			isa = XCBuildConfiguration;
			buildSettings = {
				ALWAYS_SEARCH_USER_PATHS = NO;
				CLANG_ANALYZER_NONNULL = YES;
				CLANG_CXX_LANGUAGE_STANDARD = "gnu++0x";
				CLANG_CXX_LIBRARY = "libc++";
				CLANG_ENABLE_MODULES = YES;
				CLANG_ENABLE_OBJC_ARC = YES;
				CLANG_WARN_BOOL_CONVERSION = YES;
				CLANG_WARN_CONSTANT_CONVERSION = YES;
				CLANG_WARN_DIRECT_OBJC_ISA_USAGE = YES_ERROR;
				CLANG_WARN_DOCUMENTATION_COMMENTS = YES;
				CLANG_WARN_EMPTY_BODY = YES;
				CLANG_WARN_ENUM_CONVERSION = YES;
				CLANG_WARN_INFINITE_RECURSION = YES;
				CLANG_WARN_INT_CONVERSION = YES;
				CLANG_WARN_OBJC_ROOT_CLASS = YES_ERROR;
				CLANG_WARN_SUSPICIOUS_MOVE = YES;
				CLANG_WARN_UNREACHABLE_CODE = YES;
				CLANG_WARN__DUPLICATE_METHOD_MATCH = YES;
				"CODE_SIGN_IDENTITY[sdk=iphoneos*]" = "iPhone Developer";
				COPY_PHASE_STRIP = NO;
				DEBUG_INFORMATION_FORMAT = "dwarf-with-dsym";
				ENABLE_NS_ASSERTIONS = NO;
				ENABLE_STRICT_OBJC_MSGSEND = YES;
				GCC_C_LANGUAGE_STANDARD = gnu99;
				GCC_NO_COMMON_BLOCKS = YES;
				GCC_WARN_64_TO_32_BIT_CONVERSION = YES;
				GCC_WARN_ABOUT_RETURN_TYPE = YES_ERROR;
				GCC_WARN_UNDECLARED_SELECTOR = YES;
				GCC_WARN_UNINITIALIZED_AUTOS = YES_AGGRESSIVE;
				GCC_WARN_UNUSED_FUNCTION = YES;
				GCC_WARN_UNUSED_VARIABLE = YES;
				IPHONEOS_DEPLOYMENT_TARGET = 10.2;
				MTL_ENABLE_DEBUG_INFO = NO;
				SDKROOT = iphoneos;
				SWIFT_OPTIMIZATION_LEVEL = "-Owholemodule";
				TARGETED_DEVICE_FAMILY = "1,2";
				VALIDATE_PRODUCT = YES;
			};
			name = Release;
		};
		1E23227F1E1FD37100AA3F53 /* Debug */ = {
			isa = XCBuildConfiguration;
			buildSettings = {
				ASSETCATALOG_COMPILER_APPICON_NAME = AppIcon;
				DEVELOPMENT_TEAM = Z99T2HWAJ6;
				INFOPLIST_FILE = UserNotificationsSample/Info.plist;
				LD_RUNPATH_SEARCH_PATHS = "$(inherited) @executable_path/Frameworks";
				PRODUCT_BUNDLE_IDENTIFIER = com.Learned.UserNotificationsSample;
				PRODUCT_NAME = "$(TARGET_NAME)";
				SWIFT_VERSION = 3.0;
			};
			name = Debug;
		};
		1E2322801E1FD37100AA3F53 /* Release */ = {
			isa = XCBuildConfiguration;
			buildSettings = {
				ASSETCATALOG_COMPILER_APPICON_NAME = AppIcon;
				DEVELOPMENT_TEAM = Z99T2HWAJ6;
				INFOPLIST_FILE = UserNotificationsSample/Info.plist;
				LD_RUNPATH_SEARCH_PATHS = "$(inherited) @executable_path/Frameworks";
				PRODUCT_BUNDLE_IDENTIFIER = com.Learned.UserNotificationsSample;
				PRODUCT_NAME = "$(TARGET_NAME)";
				SWIFT_VERSION = 3.0;
			};
			name = Release;
		};
/* End XCBuildConfiguration section */

/* Begin XCConfigurationList section */
		1E2322671E1FD37000AA3F53 /* Build configuration list for PBXProject "UserNotificationsSample" */ = {
			isa = XCConfigurationList;
			buildConfigurations = (
				1E23227C1E1FD37100AA3F53 /* Debug */,
				1E23227D1E1FD37100AA3F53 /* Release */,
			);
			defaultConfigurationIsVisible = 0;
			defaultConfigurationName = Release;
		};
		1E23227E1E1FD37100AA3F53 /* Build configuration list for PBXNativeTarget "UserNotificationsSample" */ = {
			isa = XCConfigurationList;
			buildConfigurations = (
				1E23227F1E1FD37100AA3F53 /* Debug */,
				1E2322801E1FD37100AA3F53 /* Release */,
			);
			defaultConfigurationIsVisible = 0;
		};
/* End XCConfigurationList section */
	};
	rootObject = 1E2322641E1FD37000AA3F53 /* Project object */;
}
