// !$*UTF8*$!
{
	archiveVersion = 1;
	classes = {
	};
	objectVersion = 46;
	objects = {

/* Begin PBXBuildFile section */
		1E5CD1FD1C3C404B00BD2386 /* AppDelegate.swift in Sources */ = {isa = PBXBuildFile; fileRef = 1E5CD1FC1C3C404B00BD2386 /* AppDelegate.swift */; };
		1E5CD1FF1C3C404B00BD2386 /* MasterViewController.swift in Sources */ = {isa = PBXBuildFile; fileRef = 1E5CD1FE1C3C404B00BD2386 /* MasterViewController.swift */; };
		1E5CD2011C3C404B00BD2386 /* DetailViewController.swift in Sources */ = {isa = PBXBuildFile; fileRef = 1E5CD2001C3C404B00BD2386 /* DetailViewController.swift */; };
		1E5CD2041C3C404B00BD2386 /* Main.storyboard in Resources */ = {isa = PBXBuildFile; fileRef = 1E5CD2021C3C404B00BD2386 /* Main.storyboard */; };
		1E5CD2061C3C404B00BD2386 /* Assets.xcassets in Resources */ = {isa = PBXBuildFile; fileRef = 1E5CD2051C3C404B00BD2386 /* Assets.xcassets */; };
		1E5CD2091C3C404B00BD2386 /* LaunchScreen.storyboard in Resources */ = {isa = PBXBuildFile; fileRef = 1E5CD2071C3C404B00BD2386 /* LaunchScreen.storyboard */; };
/* End PBXBuildFile section */

/* Begin PBXFileReference section */
		1E5CD1F91C3C404B00BD2386 /* ContactsTutorial.app */ = {isa = PBXFileReference; explicitFileType = wrapper.application; includeInIndex = 0; path = ContactsTutorial.app; sourceTree = BUILT_PRODUCTS_DIR; };
		1E5CD1FC1C3C404B00BD2386 /* AppDelegate.swift */ = {isa = PBXFileReference; lastKnownFileType = sourcecode.swift; path = AppDelegate.swift; sourceTree = "<group>"; };
		1E5CD1FE1C3C404B00BD2386 /* MasterViewController.swift */ = {isa = PBXFileReference; lastKnownFileType = sourcecode.swift; path = MasterViewController.swift; sourceTree = "<group>"; };
		1E5CD2001C3C404B00BD2386 /* DetailViewController.swift */ = {isa = PBXFileReference; lastKnownFileType = sourcecode.swift; path = DetailViewController.swift; sourceTree = "<group>"; };
		1E5CD2031C3C404B00BD2386 /* Base */ = {isa = PBXFileReference; lastKnownFileType = file.storyboard; name = Base; path = Base.lproj/Main.storyboard; sourceTree = "<group>"; };
		1E5CD2051C3C404B00BD2386 /* Assets.xcassets */ = {isa = PBXFileReference; lastKnownFileType = folder.assetcatalog; path = Assets.xcassets; sourceTree = "<group>"; };
		1E5CD2081C3C404B00BD2386 /* Base */ = {isa = PBXFileReference; lastKnownFileType = file.storyboard; name = Base; path = Base.lproj/LaunchScreen.storyboard; sourceTree = "<group>"; };
		1E5CD20A1C3C404B00BD2386 /* Info.plist */ = {isa = PBXFileReference; lastKnownFileType = text.plist.xml; path = Info.plist; sourceTree = "<group>"; };
/* End PBXFileReference section */

/* Begin PBXFrameworksBuildPhase section */
		1E5CD1F61C3C404B00BD2386 /* Frameworks */ = {
			isa = PBXFrameworksBuildPhase;
			buildActionMask = 2147483647;
			files = (
			);
			runOnlyForDeploymentPostprocessing = 0;
		};
/* End PBXFrameworksBuildPhase section */

/* Begin PBXGroup section */
		1E5CD1F01C3C404B00BD2386 = {
			isa = PBXGroup;
			children = (
				1E5CD1FB1C3C404B00BD2386 /* ContactsTutorial */,
				1E5CD1FA1C3C404B00BD2386 /* Products */,
			);
			sourceTree = "<group>";
		};
		1E5CD1FA1C3C404B00BD2386 /* Products */ = {
			isa = PBXGroup;
			children = (
				1E5CD1F91C3C404B00BD2386 /* ContactsTutorial.app */,
			);
			name = Products;
			sourceTree = "<group>";
		};
		1E5CD1FB1C3C404B00BD2386 /* ContactsTutorial */ = {
			isa = PBXGroup;
			children = (
				1E5CD1FC1C3C404B00BD2386 /* AppDelegate.swift */,
				1E5CD1FE1C3C404B00BD2386 /* MasterViewController.swift */,
				1E5CD2001C3C404B00BD2386 /* DetailViewController.swift */,
				1E5CD2021C3C404B00BD2386 /* Main.storyboard */,
				1E5CD2051C3C404B00BD2386 /* Assets.xcassets */,
				1E5CD2071C3C404B00BD2386 /* LaunchScreen.storyboard */,
				1E5CD20A1C3C404B00BD2386 /* Info.plist */,
			);
			path = ContactsTutorial;
			sourceTree = "<group>";
		};
/* End PBXGroup section */

/* Begin PBXNativeTarget section */
		1E5CD1F81C3C404B00BD2386 /* ContactsTutorial */ = {
			isa = PBXNativeTarget;
			buildConfigurationList = 1E5CD20D1C3C404B00BD2386 /* Build configuration list for PBXNativeTarget "ContactsTutorial" */;
			buildPhases = (
				1E5CD1F51C3C404B00BD2386 /* Sources */,
				1E5CD1F61C3C404B00BD2386 /* Frameworks */,
				1E5CD1F71C3C404B00BD2386 /* Resources */,
			);
			buildRules = (
			);
			dependencies = (
			);
			name = ContactsTutorial;
			productName = ContactsTutorial;
			productReference = 1E5CD1F91C3C404B00BD2386 /* ContactsTutorial.app */;
			productType = "com.apple.product-type.application";
		};
/* End PBXNativeTarget section */

/* Begin PBXProject section */
		1E5CD1F11C3C404B00BD2386 /* Project object */ = {
			isa = PBXProject;
			attributes = {
				LastSwiftUpdateCheck = 0720;
				LastUpgradeCheck = 0720;
				ORGANIZATIONNAME = Learning;
				TargetAttributes = {
					1E5CD1F81C3C404B00BD2386 = {
						CreatedOnToolsVersion = 7.2;
					};
				};
			};
			buildConfigurationList = 1E5CD1F41C3C404B00BD2386 /* Build configuration list for PBXProject "ContactsTutorial" */;
			compatibilityVersion = "Xcode 3.2";
			developmentRegion = English;
			hasScannedForEncodings = 0;
			knownRegions = (
				en,
				Base,
			);
			mainGroup = 1E5CD1F01C3C404B00BD2386;
			productRefGroup = 1E5CD1FA1C3C404B00BD2386 /* Products */;
			projectDirPath = "";
			projectRoot = "";
			targets = (
				1E5CD1F81C3C404B00BD2386 /* ContactsTutorial */,
			);
		};
/* End PBXProject section */

/* Begin PBXResourcesBuildPhase section */
		1E5CD1F71C3C404B00BD2386 /* Resources */ = {
			isa = PBXResourcesBuildPhase;
			buildActionMask = 2147483647;
			files = (
				1E5CD2091C3C404B00BD2386 /* LaunchScreen.storyboard in Resources */,
				1E5CD2061C3C404B00BD2386 /* Assets.xcassets in Resources */,
				1E5CD2041C3C404B00BD2386 /* Main.storyboard in Resources */,
			);
			runOnlyForDeploymentPostprocessing = 0;
		};
/* End PBXResourcesBuildPhase section */

/* Begin PBXSourcesBuildPhase section */
		1E5CD1F51C3C404B00BD2386 /* Sources */ = {
			isa = PBXSourcesBuildPhase;
			buildActionMask = 2147483647;
			files = (
				1E5CD2011C3C404B00BD2386 /* DetailViewController.swift in Sources */,
				1E5CD1FF1C3C404B00BD2386 /* MasterViewController.swift in Sources */,
				1E5CD1FD1C3C404B00BD2386 /* AppDelegate.swift in Sources */,
			);
			runOnlyForDeploymentPostprocessing = 0;
		};
/* End PBXSourcesBuildPhase section */

/* Begin PBXVariantGroup section */
		1E5CD2021C3C404B00BD2386 /* Main.storyboard */ = {
			isa = PBXVariantGroup;
			children = (
				1E5CD2031C3C404B00BD2386 /* Base */,
			);
			name = Main.storyboard;
			sourceTree = "<group>";
		};
		1E5CD2071C3C404B00BD2386 /* LaunchScreen.storyboard */ = {
			isa = PBXVariantGroup;
			children = (
				1E5CD2081C3C404B00BD2386 /* Base */,
			);
			name = LaunchScreen.storyboard;
			sourceTree = "<group>";
		};
/* End PBXVariantGroup section */

/* Begin XCBuildConfiguration section */
		1E5CD20B1C3C404B00BD2386 /* Debug */ = {
			isa = XCBuildConfiguration;
			buildSettings = {
				ALWAYS_SEARCH_USER_PATHS = NO;
				CLANG_CXX_LANGUAGE_STANDARD = "gnu++0x";
				CLANG_CXX_LIBRARY = "libc++";
				CLANG_ENABLE_MODULES = YES;
				CLANG_ENABLE_OBJC_ARC = YES;
				CLANG_WARN_BOOL_CONVERSION = YES;
				CLANG_WARN_CONSTANT_CONVERSION = YES;
				CLANG_WARN_DIRECT_OBJC_ISA_USAGE = YES_ERROR;
				CLANG_WARN_EMPTY_BODY = YES;
				CLANG_WARN_ENUM_CONVERSION = YES;
				CLANG_WARN_INT_CONVERSION = YES;
				CLANG_WARN_OBJC_ROOT_CLASS = YES_ERROR;
				CLANG_WARN_UNREACHABLE_CODE = YES;
				CLANG_WARN__DUPLICATE_METHOD_MATCH = YES;
				"CODE_SIGN_IDENTITY[sdk=iphoneos*]" = "iPhone Developer";
				COPY_PHASE_STRIP = NO;
				DEBUG_INFORMATION_FORMAT = dwarf;
				ENABLE_STRICT_OBJC_MSGSEND = YES;
				ENABLE_TESTABILITY = YES;
				GCC_C_LANGUAGE_STANDARD = gnu99;
				GCC_DYNAMIC_NO_PIC = NO;
				GCC_NO_COMMON_BLOCKS = YES;
				GCC_OPTIMIZATION_LEVEL = 0;
				GCC_PREPROCESSOR_DEFINITIONS = (
					"DEBUG=1",
					"$(inherited)",
				);
				GCC_WARN_64_TO_32_BIT_CONVERSION = YES;
				GCC_WARN_ABOUT_RETURN_TYPE = YES_ERROR;
				GCC_WARN_UNDECLARED_SELECTOR = YES;
				GCC_WARN_UNINITIALIZED_AUTOS = YES_AGGRESSIVE;
				GCC_WARN_UNUSED_FUNCTION = YES;
				GCC_WARN_UNUSED_VARIABLE = YES;
				IPHONEOS_DEPLOYMENT_TARGET = 9.2;
				MTL_ENABLE_DEBUG_INFO = YES;
				ONLY_ACTIVE_ARCH = YES;
				SDKROOT = iphoneos;
				SWIFT_OPTIMIZATION_LEVEL = "-Onone";
				TARGETED_DEVICE_FAMILY = "1,2";
			};
			name = Debug;
		};
		1E5CD20C1C3C404B00BD2386 /* Release */ = {
			isa = XCBuildConfiguration;
			buildSettings = {
				ALWAYS_SEARCH_USER_PATHS = NO;
				CLANG_CXX_LANGUAGE_STANDARD = "gnu++0x";
				CLANG_CXX_LIBRARY = "libc++";
				CLANG_ENABLE_MODULES = YES;
				CLANG_ENABLE_OBJC_ARC = YES;
				CLANG_WARN_BOOL_CONVERSION = YES;
				CLANG_WARN_CONSTANT_CONVERSION = YES;
				CLANG_WARN_DIRECT_OBJC_ISA_USAGE = YES_ERROR;
				CLANG_WARN_EMPTY_BODY = YES;
				CLANG_WARN_ENUM_CONVERSION = YES;
				CLANG_WARN_INT_CONVERSION = YES;
				CLANG_WARN_OBJC_ROOT_CLASS = YES_ERROR;
				CLANG_WARN_UNREACHABLE_CODE = YES;
				CLANG_WARN__DUPLICATE_METHOD_MATCH = YES;
				"CODE_SIGN_IDENTITY[sdk=iphoneos*]" = "iPhone Developer";
				COPY_PHASE_STRIP = NO;
				DEBUG_INFORMATION_FORMAT = "dwarf-with-dsym";
				ENABLE_NS_ASSERTIONS = NO;
				ENABLE_STRICT_OBJC_MSGSEND = YES;
				GCC_C_LANGUAGE_STANDARD = gnu99;
				GCC_NO_COMMON_BLOCKS = YES;
				GCC_WARN_64_TO_32_BIT_CONVERSION = YES;
				GCC_WARN_ABOUT_RETURN_TYPE = YES_ERROR;
				GCC_WARN_UNDECLARED_SELECTOR = YES;
				GCC_WARN_UNINITIALIZED_AUTOS = YES_AGGRESSIVE;
				GCC_WARN_UNUSED_FUNCTION = YES;
				GCC_WARN_UNUSED_VARIABLE = YES;
				IPHONEOS_DEPLOYMENT_TARGET = 9.2;
				MTL_ENABLE_DEBUG_INFO = NO;
				SDKROOT = iphoneos;
				TARGETED_DEVICE_FAMILY = "1,2";
				VALIDATE_PRODUCT = YES;
			};
			name = Release;
		};
		1E5CD20E1C3C404B00BD2386 /* Debug */ = {
			isa = XCBuildConfiguration;
			buildSettings = {
				ASSETCATALOG_COMPILER_APPICON_NAME = AppIcon;
				INFOPLIST_FILE = ContactsTutorial/Info.plist;
				LD_RUNPATH_SEARCH_PATHS = "$(inherited) @executable_path/Frameworks";
				PRODUCT_BUNDLE_IDENTIFIER = com.ContactsTutorial;
				PRODUCT_NAME = "$(TARGET_NAME)";
			};
			name = Debug;
		};
		1E5CD20F1C3C404B00BD2386 /* Release */ = {
			isa = XCBuildConfiguration;
			buildSettings = {
				ASSETCATALOG_COMPILER_APPICON_NAME = AppIcon;
				INFOPLIST_FILE = ContactsTutorial/Info.plist;
				LD_RUNPATH_SEARCH_PATHS = "$(inherited) @executable_path/Frameworks";
				PRODUCT_BUNDLE_IDENTIFIER = com.ContactsTutorial;
				PRODUCT_NAME = "$(TARGET_NAME)";
			};
			name = Release;
		};
/* End XCBuildConfiguration section */

/* Begin XCConfigurationList section */
		1E5CD1F41C3C404B00BD2386 /* Build configuration list for PBXProject "ContactsTutorial" */ = {
			isa = XCConfigurationList;
			buildConfigurations = (
				1E5CD20B1C3C404B00BD2386 /* Debug */,
				1E5CD20C1C3C404B00BD2386 /* Release */,
			);
			defaultConfigurationIsVisible = 0;
			defaultConfigurationName = Release;
		};
		1E5CD20D1C3C404B00BD2386 /* Build configuration list for PBXNativeTarget "ContactsTutorial" */ = {
			isa = XCConfigurationList;
			buildConfigurations = (
				1E5CD20E1C3C404B00BD2386 /* Debug */,
				1E5CD20F1C3C404B00BD2386 /* Release */,
			);
			defaultConfigurationIsVisible = 0;
		};
/* End XCConfigurationList section */
	};
	rootObject = 1E5CD1F11C3C404B00BD2386 /* Project object */;
}
